lockVersion: 2.0.0
id: a0be4322-b0f7-48a4-84e6-b4b54a9466b8
management:
  docChecksum: a8e681acedc8975a9c8cc596c44ef897
  docVersion: 1.0.17
  speakeasyVersion: internal
  generationVersion: 2.253.0
  releaseVersion: 0.7.0
  configChecksum: 666ca0fc57118beabc9efa3e9a59ab57
  repoURL: https://github.com/speakeasy-sdks/test1q34234242.git
  repoSubDirectory: .
  installationURL: https://github.com/speakeasy-sdks/test1q34234242.git
features:
  python:
    constsAndDefaults: 0.1.2
    core: 4.4.5
    globalSecurity: 2.83.2
    globalServerURLs: 2.82.1
    methodSecurity: 2.82.1
generatedFiles:
  - src/petstore/sdkconfiguration.py
  - src/petstore/pet.py
  - src/petstore/store.py
  - src/petstore/user.py
  - src/petstore/sdk.py
  - pylintrc
  - setup.py
  - src/petstore/__init__.py
  - src/petstore/utils/__init__.py
  - src/petstore/utils/retries.py
  - src/petstore/utils/utils.py
  - src/petstore/models/errors/sdkerror.py
  - tests/helpers.py
  - src/petstore/models/operations/addpet_form.py
  - src/petstore/models/operations/addpet_json.py
  - src/petstore/models/operations/addpet_raw.py
  - src/petstore/models/operations/deletepet.py
  - src/petstore/models/operations/findpetsbystatus.py
  - src/petstore/models/operations/findpetsbytags.py
  - src/petstore/models/operations/getpetbyid.py
  - src/petstore/models/operations/updatepetwithform.py
  - src/petstore/models/operations/updatepet_form.py
  - src/petstore/models/operations/updatepet_json.py
  - src/petstore/models/operations/updatepet_raw.py
  - src/petstore/models/operations/uploadfile.py
  - src/petstore/models/operations/deleteorder.py
  - src/petstore/models/operations/getinventory.py
  - src/petstore/models/operations/getorderbyid.py
  - src/petstore/models/operations/placeorder_form.py
  - src/petstore/models/operations/placeorder_json.py
  - src/petstore/models/operations/placeorder_raw.py
  - src/petstore/models/operations/createuser_form.py
  - src/petstore/models/operations/createuser_json.py
  - src/petstore/models/operations/createuser_raw.py
  - src/petstore/models/operations/createuserswithlistinput.py
  - src/petstore/models/operations/deleteuser.py
  - src/petstore/models/operations/getuserbyname.py
  - src/petstore/models/operations/loginuser.py
  - src/petstore/models/operations/logoutuser.py
  - src/petstore/models/operations/updateuser_form.py
  - src/petstore/models/operations/updateuser_json.py
  - src/petstore/models/operations/updateuser_raw.py
  - src/petstore/models/shared/pet.py
  - src/petstore/models/shared/tag.py
  - src/petstore/models/shared/category.py
  - src/petstore/models/shared/apiresponse.py
  - src/petstore/models/shared/order.py
  - src/petstore/models/shared/user.py
  - src/petstore/models/shared/security.py
  - src/petstore/models/__init__.py
  - src/petstore/models/errors/__init__.py
  - src/petstore/models/operations/__init__.py
  - src/petstore/models/shared/__init__.py
  - docs/models/operations/addpetformresponse.md
  - docs/models/operations/addpetjsonresponse.md
  - docs/models/operations/addpetrawresponse.md
  - docs/models/operations/deletepetrequest.md
  - docs/models/operations/deletepetresponse.md
  - docs/models/operations/status.md
  - docs/models/operations/findpetsbystatusrequest.md
  - docs/models/operations/findpetsbystatusresponse.md
  - docs/models/operations/findpetsbytagsrequest.md
  - docs/models/operations/findpetsbytagsresponse.md
  - docs/models/operations/getpetbyidsecurity.md
  - docs/models/operations/getpetbyidrequest.md
  - docs/models/operations/getpetbyidresponse.md
  - docs/models/operations/updatepetwithformrequest.md
  - docs/models/operations/updatepetwithformresponse.md
  - docs/models/operations/updatepetformresponse.md
  - docs/models/operations/updatepetjsonresponse.md
  - docs/models/operations/updatepetrawresponse.md
  - docs/models/operations/uploadfilerequest.md
  - docs/models/operations/uploadfileresponse.md
  - docs/models/operations/deleteorderrequest.md
  - docs/models/operations/deleteorderresponse.md
  - docs/models/operations/getinventorysecurity.md
  - docs/models/operations/getinventoryresponse.md
  - docs/models/operations/getorderbyidrequest.md
  - docs/models/operations/getorderbyidresponse.md
  - docs/models/operations/placeorderformresponse.md
  - docs/models/operations/placeorderjsonresponse.md
  - docs/models/operations/placeorderrawresponse.md
  - docs/models/operations/createuserformresponse.md
  - docs/models/operations/createuserjsonresponse.md
  - docs/models/operations/createuserrawresponse.md
  - docs/models/operations/createuserswithlistinputresponse.md
  - docs/models/operations/deleteuserrequest.md
  - docs/models/operations/deleteuserresponse.md
  - docs/models/operations/getuserbynamerequest.md
  - docs/models/operations/getuserbynameresponse.md
  - docs/models/operations/loginuserrequest.md
  - docs/models/operations/loginuserresponse.md
  - docs/models/operations/logoutuserresponse.md
  - docs/models/operations/updateuserformrequest.md
  - docs/models/operations/updateuserformresponse.md
  - docs/models/operations/updateuserjsonrequest.md
  - docs/models/operations/updateuserjsonresponse.md
  - docs/models/operations/updateuserrawrequest.md
  - docs/models/operations/updateuserrawresponse.md
  - docs/models/shared/petstatus.md
  - docs/models/shared/pet.md
  - docs/models/shared/tag.md
  - docs/models/shared/category.md
  - docs/models/shared/apiresponse.md
  - docs/models/shared/status.md
  - docs/models/shared/order.md
  - docs/models/shared/user.md
  - docs/models/shared/security.md
  - docs/sdks/petstore/README.md
  - docs/sdks/pet/README.md
  - docs/sdks/store/README.md
  - docs/sdks/user/README.md
  - USAGE.md
  - .gitattributes
